<?xml version="1.0" encoding="utf-8"?>
<Project ToolsVersion="4.0" xmlns="http://schemas.microsoft.com/developer/msbuild/2003">
  <ItemGroup>
    <Filter Include="Source Files">
      <UniqueIdentifier>{4FC737F1-C7A5-4376-A066-2A32D752A2FF}</UniqueIdentifier>
      <Extensions>cpp;c;cc;cxx;def;odl;idl;hpj;bat;asm;asmx</Extensions>
    </Filter>
    <Filter Include="Header Files">
      <UniqueIdentifier>{93995380-89BD-4b04-88EB-625FBE52EBFB}</UniqueIdentifier>
      <Extensions>h;hh;hpp;hxx;hm;inl;inc;xsd</Extensions>
    </Filter>
    <Filter Include="Resource Files">
      <UniqueIdentifier>{67DA6AB6-F800-4c08-8B7A-83BB121AAD01}</UniqueIdentifier>
      <Extensions>rc;ico;cur;bmp;dlg;rc2;rct;bin;rgs;gif;jpg;jpeg;jpe;resx;tiff;tif;png;wav;mfcribbon-ms</Extensions>
    </Filter>
    <Filter Include="Source Files\algorithm">
      <UniqueIdentifier>{844fa264-ea3b-4e84-aac5-e52060c2e6d9}</UniqueIdentifier>
    </Filter>
    <Filter Include="Source Files\allocators">
      <UniqueIdentifier>{72fc5721-8fd2-447e-b184-2a0c9668c6b8}</UniqueIdentifier>
    </Filter>
    <Filter Include="Source Files\bitvector">
      <UniqueIdentifier>{476e9ab9-79d0-4f53-9b86-9ca96cdf4c14}</UniqueIdentifier>
    </Filter>
    <Filter Include="Source Files\compability">
      <UniqueIdentifier>{0a4ba005-ea71-4f94-abc0-024830d37390}</UniqueIdentifier>
    </Filter>
    <Filter Include="Source Files\components">
      <UniqueIdentifier>{cdec4288-80b4-497a-9c2c-3d8e38c11f76}</UniqueIdentifier>
    </Filter>
    <Filter Include="Source Files\containers">
      <UniqueIdentifier>{d05ed414-4552-4e2e-96ef-ec2c8839ce9e}</UniqueIdentifier>
    </Filter>
    <Filter Include="Source Files\cui">
      <UniqueIdentifier>{06807fae-bd61-4e3c-9851-48541f101347}</UniqueIdentifier>
    </Filter>
    <Filter Include="Source Files\dso">
      <UniqueIdentifier>{5b4270aa-804b-49e3-8881-b822cf0368dd}</UniqueIdentifier>
    </Filter>
    <Filter Include="Source Files\functional">
      <UniqueIdentifier>{09c64739-1dc3-4853-a825-0e5252584267}</UniqueIdentifier>
    </Filter>
    <Filter Include="Source Files\iostreams">
      <UniqueIdentifier>{830b3ec2-4c2a-45f8-992a-07cea044b84a}</UniqueIdentifier>
    </Filter>
    <Filter Include="Source Files\iterator">
      <UniqueIdentifier>{b2fc796e-fcf5-4174-a4ab-f46310a4b92b}</UniqueIdentifier>
    </Filter>
    <Filter Include="Source Files\mathext">
      <UniqueIdentifier>{f0b27ccb-18cd-4c7a-8b47-9c1d011b7d1a}</UniqueIdentifier>
    </Filter>
    <Filter Include="Source Files\numeric">
      <UniqueIdentifier>{3a590226-3727-42f4-8b90-55704a65d9c8}</UniqueIdentifier>
    </Filter>
    <Filter Include="Source Files\options">
      <UniqueIdentifier>{45f8b232-10ab-4c5d-bc61-dbbedb1d6949}</UniqueIdentifier>
    </Filter>
    <Filter Include="Source Files\range">
      <UniqueIdentifier>{9579f0d4-fe89-4059-8851-26c8cae53f1a}</UniqueIdentifier>
    </Filter>
    <Filter Include="Source Files\threads">
      <UniqueIdentifier>{68e45157-4d71-47e0-8b6c-2299657c0620}</UniqueIdentifier>
    </Filter>
    <Filter Include="Source Files\tuple">
      <UniqueIdentifier>{b391e999-8442-4a7f-8a7e-b3affaf91a5c}</UniqueIdentifier>
    </Filter>
    <Filter Include="Source Files\compact">
      <UniqueIdentifier>{65fcd86f-e2df-4226-a0ce-ae7e5ed92ffa}</UniqueIdentifier>
    </Filter>
  </ItemGroup>
  <ItemGroup>
    <ClCompile Include="algorithm\sorting.cpp">
      <Filter>Source Files\algorithm</Filter>
    </ClCompile>
    <ClCompile Include="main.cpp">
      <Filter>Source Files</Filter>
    </ClCompile>
    <ClCompile Include="algorithm\experimental.cpp">
      <Filter>Source Files\algorithm</Filter>
    </ClCompile>
    <ClCompile Include="compability\c++11_algo.cpp">
      <Filter>Source Files\compability</Filter>
    </ClCompile>
    <ClCompile Include="compability\c++14_algo.cpp">
      <Filter>Source Files\compability</Filter>
    </ClCompile>
    <ClCompile Include="compability\c++17_algo.cpp">
      <Filter>Source Files\compability</Filter>
    </ClCompile>
    <ClCompile Include="compability\c++20_algo.cpp">
      <Filter>Source Files\compability</Filter>
    </ClCompile>
    <ClCompile Include="bitvector\bitvector.cpp">
      <Filter>Source Files\bitvector</Filter>
    </ClCompile>
    <ClCompile Include="containers\packed_hashtbl.cpp">
      <Filter>Source Files\containers</Filter>
    </ClCompile>
    <ClCompile Include="iterator\iterators.cpp">
      <Filter>Source Files\iterator</Filter>
    </ClCompile>
    <ClCompile Include="functional\predicates.cpp">
      <Filter>Source Files\functional</Filter>
    </ClCompile>
    <ClCompile Include="iostreams\base16.cpp">
      <Filter>Source Files\iostreams</Filter>
    </ClCompile>
    <ClCompile Include="iostreams\base64.cpp">
      <Filter>Source Files\iostreams</Filter>
    </ClCompile>
    <ClCompile Include="iostreams\binrep.cpp">
      <Filter>Source Files\iostreams</Filter>
    </ClCompile>
    <ClCompile Include="iostreams\getline.cpp">
      <Filter>Source Files\iostreams</Filter>
    </ClCompile>
    <ClCompile Include="iostreams\ostream_joiner.cpp">
      <Filter>Source Files\iostreams</Filter>
    </ClCompile>
    <ClCompile Include="iostreams\ratio.cpp">
      <Filter>Source Files\iostreams</Filter>
    </ClCompile>
    <ClCompile Include="components\class_factory.cpp">
      <Filter>Source Files\components</Filter>
    </ClCompile>
    <ClCompile Include="compact\string.cpp">
      <Filter>Source Files\compact</Filter>
    </ClCompile>
    <ClCompile Include="compact\vector.cpp">
      <Filter>Source Files\compact</Filter>
    </ClCompile>
    <ClCompile Include="compact\wstring.cpp">
      <Filter>Source Files\compact</Filter>
    </ClCompile>
    <ClCompile Include="containers\stringset.cpp">
      <Filter>Source Files\containers</Filter>
    </ClCompile>
  </ItemGroup>
</Project>