<?xml version="1.0" encoding="utf-8"?>
<Project ToolsVersion="4.0" xmlns="http://schemas.microsoft.com/developer/msbuild/2003">
  <ItemGroup>
    <Filter Include="Source Files">
      <UniqueIdentifier>{4FC737F1-C7A5-4376-A066-2A32D752A2FF}</UniqueIdentifier>
      <Extensions>cpp;c;cc;cxx;def;odl;idl;hpj;bat;asm;asmx</Extensions>
    </Filter>
    <Filter Include="Header Files">
      <UniqueIdentifier>{93995380-89BD-4b04-88EB-625FBE52EBFB}</UniqueIdentifier>
      <Extensions>h;hh;hpp;hxx;hm;inl;inc;xsd</Extensions>
    </Filter>
    <Filter Include="Resource Files">
      <UniqueIdentifier>{67DA6AB6-F800-4c08-8B7A-83BB121AAD01}</UniqueIdentifier>
      <Extensions>rc;ico;cur;bmp;dlg;rc2;rct;bin;rgs;gif;jpg;jpeg;jpe;resx;tiff;tif;png;wav;mfcribbon-ms</Extensions>
    </Filter>
    <Filter Include="Header Files\allocators">
      <UniqueIdentifier>{eefe2b07-639c-4a55-8580-3511fa546489}</UniqueIdentifier>
    </Filter>
    <Filter Include="Header Files\bfc">
      <UniqueIdentifier>{26c9fdb6-8385-4ea6-9e30-7cd46cc96e5d}</UniqueIdentifier>
    </Filter>
    <Filter Include="Header Files\bitvector">
      <UniqueIdentifier>{390f0f21-e332-4afc-b28c-4db3e40ed330}</UniqueIdentifier>
    </Filter>
    <Filter Include="Header Files\components">
      <UniqueIdentifier>{2e7437f3-80d8-472c-9bb6-e5541d90cef7}</UniqueIdentifier>
    </Filter>
    <Filter Include="Header Files\containers">
      <UniqueIdentifier>{ca8d2e6e-b953-4b3f-866a-103664772892}</UniqueIdentifier>
    </Filter>
    <Filter Include="Header Files\iterator">
      <UniqueIdentifier>{61ca1f3f-7a64-4de7-9fd7-bdd2022b709d}</UniqueIdentifier>
    </Filter>
    <Filter Include="Header Files\mathext">
      <UniqueIdentifier>{b3c51247-0f05-49d9-aa8b-8af4b526d4d0}</UniqueIdentifier>
    </Filter>
    <Filter Include="Header Files\platform">
      <UniqueIdentifier>{5c31ef2b-57d4-4bcd-b384-32041dfca263}</UniqueIdentifier>
    </Filter>
    <Filter Include="Header Files\range">
      <UniqueIdentifier>{f717cf82-e6e9-4947-97ef-a40806eab5d7}</UniqueIdentifier>
    </Filter>
    <Filter Include="Header Files\options">
      <UniqueIdentifier>{4b7638ad-e5db-4f87-9918-fe5daaf61578}</UniqueIdentifier>
    </Filter>
    <Filter Include="Header Files\dso">
      <UniqueIdentifier>{4e20c340-dffe-4045-aef7-08ce8c364115}</UniqueIdentifier>
    </Filter>
    <Filter Include="Header Files\tuple">
      <UniqueIdentifier>{44f1cd12-7105-4458-8594-4021d7f01c8f}</UniqueIdentifier>
    </Filter>
    <Filter Include="Header Files\stltraits">
      <UniqueIdentifier>{6b4d521e-6aa0-4524-8014-77441d677d2e}</UniqueIdentifier>
    </Filter>
    <Filter Include="Header Files\threads">
      <UniqueIdentifier>{c626708a-1ea3-48dd-a905-789862cdc77f}</UniqueIdentifier>
    </Filter>
    <Filter Include="Header Files\compability">
      <UniqueIdentifier>{2f11bae5-f0f1-458a-98f7-1fb7fd069df4}</UniqueIdentifier>
    </Filter>
    <Filter Include="Header Files\functional">
      <UniqueIdentifier>{d6f1b530-d59d-4a55-aeec-1f2c755c7faf}</UniqueIdentifier>
    </Filter>
    <Filter Include="Header Files\algorithm">
      <UniqueIdentifier>{5ae0a0bb-4894-41d9-be9d-b57af6e8aa2c}</UniqueIdentifier>
    </Filter>
    <Filter Include="Header Files\numeric">
      <UniqueIdentifier>{fd9219ed-5184-441b-b66e-5e6c80fa990a}</UniqueIdentifier>
    </Filter>
    <Filter Include="Header Files\cui">
      <UniqueIdentifier>{6c4ede1d-b1d2-47cb-91de-224e8abf600e}</UniqueIdentifier>
    </Filter>
    <Filter Include="Header Files\iostreams">
      <UniqueIdentifier>{4f28ddca-870d-4ea9-9ac8-e7e1a65dd465}</UniqueIdentifier>
    </Filter>
    <Filter Include="Header Files\algorithm\sorting">
      <UniqueIdentifier>{77e9d0c0-7b0a-487d-8c5b-7192dabdb655}</UniqueIdentifier>
    </Filter>
    <Filter Include="Header Files\algorithm\searching">
      <UniqueIdentifier>{c8c1b6a7-57c3-4fb3-b78c-df2d34f62090}</UniqueIdentifier>
    </Filter>
    <Filter Include="Header Files\algorithm\experimental">
      <UniqueIdentifier>{105f0e9a-fcff-4d78-b91c-b30ae8ee28be}</UniqueIdentifier>
    </Filter>
    <Filter Include="Header Files\compability\cxx11">
      <UniqueIdentifier>{655d0999-e44e-4830-877e-60c182af6ee3}</UniqueIdentifier>
    </Filter>
    <Filter Include="Header Files\compability\cxx14">
      <UniqueIdentifier>{24395c04-c4fe-4679-8946-4da30fa99466}</UniqueIdentifier>
    </Filter>
    <Filter Include="Header Files\compability\cxx17">
      <UniqueIdentifier>{04d8c204-4d14-41e6-b5fe-de3b7a8ba29a}</UniqueIdentifier>
    </Filter>
    <Filter Include="Header Files\compability\cxx20">
      <UniqueIdentifier>{12f61b6a-8dce-4337-bf32-5fc16340300a}</UniqueIdentifier>
    </Filter>
    <Filter Include="Header Files\compact">
      <UniqueIdentifier>{dab0bf53-a051-4cb3-bab4-8e051651e5eb}</UniqueIdentifier>
    </Filter>
  </ItemGroup>
  <ItemGroup>
    <ClInclude Include="mathext\fuzzy_compare.hpp">
      <Filter>Header Files\mathext</Filter>
    </ClInclude>
    <ClInclude Include="range\iter_range.hpp">
      <Filter>Header Files\range</Filter>
    </ClInclude>
    <ClInclude Include="range\range_algo.hpp">
      <Filter>Header Files\range</Filter>
    </ClInclude>
    <ClInclude Include="platform\arch.h">
      <Filter>Header Files\platform</Filter>
    </ClInclude>
    <ClInclude Include="platform\bits.h">
      <Filter>Header Files\platform</Filter>
    </ClInclude>
    <ClInclude Include="platform\common.h">
      <Filter>Header Files\platform</Filter>
    </ClInclude>
    <ClInclude Include="platform\compiler.h">
      <Filter>Header Files\platform</Filter>
    </ClInclude>
    <ClInclude Include="platform\error.h">
      <Filter>Header Files\platform</Filter>
    </ClInclude>
    <ClInclude Include="platform\platform.h">
      <Filter>Header Files\platform</Filter>
    </ClInclude>
    <ClInclude Include="platform\version.h">
      <Filter>Header Files\platform</Filter>
    </ClInclude>
    <ClInclude Include="range\value_range.h">
      <Filter>Header Files\range</Filter>
    </ClInclude>
    <ClInclude Include="bfc\bfcfwd.h">
      <Filter>Header Files\bfc</Filter>
    </ClInclude>
    <ClInclude Include="bfc\counting_bloom_filter.h">
      <Filter>Header Files\bfc</Filter>
    </ClInclude>
    <ClInclude Include="bfc\compressed_bloom_filter.h">
      <Filter>Header Files\bfc</Filter>
    </ClInclude>
    <ClInclude Include="bfc\scalable_bloom_filter.h">
      <Filter>Header Files\bfc</Filter>
    </ClInclude>
    <ClInclude Include="bfc\basic_bloom_filter.h">
      <Filter>Header Files\bfc</Filter>
    </ClInclude>
    <ClInclude Include="bfc\bloom_filter.h">
      <Filter>Header Files\bfc</Filter>
    </ClInclude>
    <ClInclude Include="numeric\numeric">
      <Filter>Header Files\numeric</Filter>
    </ClInclude>
    <ClInclude Include="algorithm\algorithm.h">
      <Filter>Header Files\algorithm</Filter>
    </ClInclude>
    <ClInclude Include="algorithm\searching.h">
      <Filter>Header Files\algorithm</Filter>
    </ClInclude>
    <ClInclude Include="algorithm\sorting.h">
      <Filter>Header Files\algorithm</Filter>
    </ClInclude>
    <ClInclude Include="algorithm\experimental.h">
      <Filter>Header Files\algorithm</Filter>
    </ClInclude>
    <ClInclude Include="compability\cxx11\all_of.hpp">
      <Filter>Header Files\compability\cxx11</Filter>
    </ClInclude>
    <ClInclude Include="compability\cxx11\any_of.hpp">
      <Filter>Header Files\compability\cxx11</Filter>
    </ClInclude>
    <ClInclude Include="compability\cxx11\copy_if.hpp">
      <Filter>Header Files\compability\cxx11</Filter>
    </ClInclude>
    <ClInclude Include="compability\cxx11\copy_n.hpp">
      <Filter>Header Files\compability\cxx11</Filter>
    </ClInclude>
    <ClInclude Include="compability\cxx11\find_if_not.hpp">
      <Filter>Header Files\compability\cxx11</Filter>
    </ClInclude>
    <ClInclude Include="compability\cxx11\iota.hpp">
      <Filter>Header Files\compability\cxx11</Filter>
    </ClInclude>
    <ClInclude Include="compability\cxx11\is_partitioned.hpp">
      <Filter>Header Files\compability\cxx11</Filter>
    </ClInclude>
    <ClInclude Include="compability\cxx11\is_permutation.hpp">
      <Filter>Header Files\compability\cxx11</Filter>
    </ClInclude>
    <ClInclude Include="compability\cxx11\is_sorted.hpp">
      <Filter>Header Files\compability\cxx11</Filter>
    </ClInclude>
    <ClInclude Include="compability\cxx11\none_of.hpp">
      <Filter>Header Files\compability\cxx11</Filter>
    </ClInclude>
    <ClInclude Include="compability\cxx11\one_of.hpp">
      <Filter>Header Files\compability\cxx11</Filter>
    </ClInclude>
    <ClInclude Include="compability\cxx11\partition_copy.hpp">
      <Filter>Header Files\compability\cxx11</Filter>
    </ClInclude>
    <ClInclude Include="compability\cxx11\partition_point.hpp">
      <Filter>Header Files\compability\cxx11</Filter>
    </ClInclude>
    <ClInclude Include="compability\cxx14\equal.hpp">
      <Filter>Header Files\compability\cxx14</Filter>
    </ClInclude>
    <ClInclude Include="compability\cxx14\mismatch.hpp">
      <Filter>Header Files\compability\cxx14</Filter>
    </ClInclude>
    <ClInclude Include="compability\tuple">
      <Filter>Header Files\compability</Filter>
    </ClInclude>
    <ClInclude Include="compability\algorithm">
      <Filter>Header Files\compability</Filter>
    </ClInclude>
    <ClInclude Include="compability\string_view">
      <Filter>Header Files\compability</Filter>
    </ClInclude>
    <ClInclude Include="compability\functional">
      <Filter>Header Files\compability</Filter>
    </ClInclude>
    <ClInclude Include="compability\cxx11\sample.hpp">
      <Filter>Header Files\compability\cxx11</Filter>
    </ClInclude>
    <ClInclude Include="compability\cxx14\integer_sequence.hpp">
      <Filter>Header Files\compability\cxx14</Filter>
    </ClInclude>
    <ClInclude Include="compability\cxx17\basic_string_view.hpp">
      <Filter>Header Files\compability\cxx17</Filter>
    </ClInclude>
    <ClInclude Include="compability\cxx17\for_each.hpp">
      <Filter>Header Files\compability\cxx17</Filter>
    </ClInclude>
    <ClInclude Include="compability\cxx17\invoke.hpp">
      <Filter>Header Files\compability\cxx17</Filter>
    </ClInclude>
    <ClInclude Include="compability\cxx20\identity.hpp">
      <Filter>Header Files\compability\cxx20</Filter>
    </ClInclude>
    <ClInclude Include="compability\cxx20\span.hpp">
      <Filter>Header Files\compability\cxx20</Filter>
    </ClInclude>
    <ClInclude Include="algorithm\ext\gather.hpp">
      <Filter>Header Files\algorithm\experimental</Filter>
    </ClInclude>
    <ClInclude Include="algorithm\ext\is_unique.hpp">
      <Filter>Header Files\algorithm\experimental</Filter>
    </ClInclude>
    <ClInclude Include="algorithm\ext\join.hpp">
      <Filter>Header Files\algorithm\experimental</Filter>
    </ClInclude>
    <ClInclude Include="algorithm\ext\kadane.hpp">
      <Filter>Header Files\algorithm\experimental</Filter>
    </ClInclude>
    <ClInclude Include="algorithm\ext\majority_element.hpp">
      <Filter>Header Files\algorithm\experimental</Filter>
    </ClInclude>
    <ClInclude Include="algorithm\ext\regex_split.hpp">
      <Filter>Header Files\algorithm\experimental</Filter>
    </ClInclude>
    <ClInclude Include="algorithm\ext\slide.hpp">
      <Filter>Header Files\algorithm\experimental</Filter>
    </ClInclude>
    <ClInclude Include="algorithm\ext\split.hpp">
      <Filter>Header Files\algorithm\experimental</Filter>
    </ClInclude>
    <ClInclude Include="algorithm\searching\exponential_search.hpp">
      <Filter>Header Files\algorithm\searching</Filter>
    </ClInclude>
    <ClInclude Include="algorithm\searching\interpolation_search.hpp">
      <Filter>Header Files\algorithm\searching</Filter>
    </ClInclude>
    <ClInclude Include="algorithm\sorting\bucket_sort.hpp">
      <Filter>Header Files\algorithm\sorting</Filter>
    </ClInclude>
    <ClInclude Include="algorithm\sorting\counting_sort.hpp">
      <Filter>Header Files\algorithm\sorting</Filter>
    </ClInclude>
    <ClInclude Include="algorithm\sorting\insertion_sort.hpp">
      <Filter>Header Files\algorithm\sorting</Filter>
    </ClInclude>
    <ClInclude Include="algorithm\sorting\selection_sort.hpp">
      <Filter>Header Files\algorithm\sorting</Filter>
    </ClInclude>
    <ClInclude Include="components\binary_scanner.hpp">
      <Filter>Header Files\components</Filter>
    </ClInclude>
    <ClInclude Include="components\class_factory.hpp">
      <Filter>Header Files\components</Filter>
    </ClInclude>
    <ClInclude Include="components\crtp.hpp">
      <Filter>Header Files\components</Filter>
    </ClInclude>
    <ClInclude Include="components\interpret_traits.hpp">
      <Filter>Header Files\components</Filter>
    </ClInclude>
    <ClInclude Include="components\invoker.hpp">
      <Filter>Header Files\components</Filter>
    </ClInclude>
    <ClInclude Include="components\reflect.hpp">
      <Filter>Header Files\components</Filter>
    </ClInclude>
    <ClInclude Include="components\stream_scanner.hpp">
      <Filter>Header Files\components</Filter>
    </ClInclude>
    <ClInclude Include="tuple\tuple_algo.hpp">
      <Filter>Header Files\tuple</Filter>
    </ClInclude>
    <ClInclude Include="tuple\tuple_apply.hpp">
      <Filter>Header Files\tuple</Filter>
    </ClInclude>
    <ClInclude Include="tuple\tuple_foreach.hpp">
      <Filter>Header Files\tuple</Filter>
    </ClInclude>
    <ClInclude Include="tuple\tuple_transform.hpp">
      <Filter>Header Files\tuple</Filter>
    </ClInclude>
    <ClInclude Include="tuple\tuple_utils.hpp">
      <Filter>Header Files\tuple</Filter>
    </ClInclude>
    <ClInclude Include="tuple\tupleio.hpp">
      <Filter>Header Files\tuple</Filter>
    </ClInclude>
    <ClInclude Include="threads\latch.hpp">
      <Filter>Header Files\threads</Filter>
    </ClInclude>
    <ClInclude Include="threads\thread_set.hpp">
      <Filter>Header Files\threads</Filter>
    </ClInclude>
    <ClInclude Include="stltraits\stdxfwd.hpp">
      <Filter>Header Files\stltraits</Filter>
    </ClInclude>
    <ClInclude Include="stltraits\stlfwd.hpp">
      <Filter>Header Files\stltraits</Filter>
    </ClInclude>
    <ClInclude Include="stltraits\stltraits.hpp">
      <Filter>Header Files\stltraits</Filter>
    </ClInclude>
    <ClInclude Include="bitvector\bit_iterator.hpp">
      <Filter>Header Files\bitvector</Filter>
    </ClInclude>
    <ClInclude Include="bitvector\bit_storage.hpp">
      <Filter>Header Files\bitvector</Filter>
    </ClInclude>
    <ClInclude Include="bitvector\bitvector.hpp">
      <Filter>Header Files\bitvector</Filter>
    </ClInclude>
    <ClInclude Include="functional\benchmark.hpp">
      <Filter>Header Files\functional</Filter>
    </ClInclude>
    <ClInclude Include="functional\bit_andnot.hpp">
      <Filter>Header Files\functional</Filter>
    </ClInclude>
    <ClInclude Include="functional\function_traits.hpp">
      <Filter>Header Files\functional</Filter>
    </ClInclude>
    <ClInclude Include="functional\identity.hpp">
      <Filter>Header Files\functional</Filter>
    </ClInclude>
    <ClInclude Include="functional\invoker.hpp">
      <Filter>Header Files\functional</Filter>
    </ClInclude>
    <ClInclude Include="functional\memorized.hpp">
      <Filter>Header Files\functional</Filter>
    </ClInclude>
    <ClInclude Include="functional\overload.hpp">
      <Filter>Header Files\functional</Filter>
    </ClInclude>
    <ClInclude Include="functional\predicates.hpp">
      <Filter>Header Files\functional</Filter>
    </ClInclude>
    <ClInclude Include="containers\circular_queue.hpp">
      <Filter>Header Files\containers</Filter>
    </ClInclude>
    <ClInclude Include="containers\lru_cache.hpp">
      <Filter>Header Files\containers</Filter>
    </ClInclude>
    <ClInclude Include="containers\packed_hashtbl.hpp">
      <Filter>Header Files\containers</Filter>
    </ClInclude>
    <ClInclude Include="containers\packed_lru_cache.hpp">
      <Filter>Header Files\containers</Filter>
    </ClInclude>
    <ClInclude Include="containers\priority_map.hpp">
      <Filter>Header Files\containers</Filter>
    </ClInclude>
    <ClInclude Include="containers\span.hpp">
      <Filter>Header Files\containers</Filter>
    </ClInclude>
    <ClInclude Include="cui\noecho.hpp">
      <Filter>Header Files\cui</Filter>
    </ClInclude>
    <ClInclude Include="cui\progress_viewer.hpp">
      <Filter>Header Files\cui</Filter>
    </ClInclude>
    <ClInclude Include="cui\progress_watcher.hpp">
      <Filter>Header Files\cui</Filter>
    </ClInclude>
    <ClInclude Include="iostreams\base16.hpp">
      <Filter>Header Files\iostreams</Filter>
    </ClInclude>
    <ClInclude Include="iostreams\base64.hpp">
      <Filter>Header Files\iostreams</Filter>
    </ClInclude>
    <ClInclude Include="iostreams\bin.hpp">
      <Filter>Header Files\iostreams</Filter>
    </ClInclude>
    <ClInclude Include="iostreams\byte_view.hpp">
      <Filter>Header Files\iostreams</Filter>
    </ClInclude>
    <ClInclude Include="iostreams\codecs.hpp">
      <Filter>Header Files\iostreams</Filter>
    </ClInclude>
    <ClInclude Include="iostreams\format.hpp">
      <Filter>Header Files\iostreams</Filter>
    </ClInclude>
    <ClInclude Include="iostreams\getline.hpp">
      <Filter>Header Files\iostreams</Filter>
    </ClInclude>
    <ClInclude Include="iostreams\ostream_joiner.hpp">
      <Filter>Header Files\iostreams</Filter>
    </ClInclude>
    <ClInclude Include="iostreams\ratio.hpp">
      <Filter>Header Files\iostreams</Filter>
    </ClInclude>
    <ClInclude Include="iostreams\timestamp.hpp">
      <Filter>Header Files\iostreams</Filter>
    </ClInclude>
    <ClInclude Include="iostreams\utility.hpp">
      <Filter>Header Files\iostreams</Filter>
    </ClInclude>
    <ClInclude Include="iterator\any_iterator.hpp">
      <Filter>Header Files\iterator</Filter>
    </ClInclude>
    <ClInclude Include="iterator\istring_iterator.hpp">
      <Filter>Header Files\iterator</Filter>
    </ClInclude>
    <ClInclude Include="iterator\numeric_iterator.hpp">
      <Filter>Header Files\iterator</Filter>
    </ClInclude>
    <ClInclude Include="iterator\uinserter.hpp">
      <Filter>Header Files\iterator</Filter>
    </ClInclude>
    <ClInclude Include="mathext\constants.hpp">
      <Filter>Header Files\mathext</Filter>
    </ClInclude>
    <ClInclude Include="mathext\mathext.hpp">
      <Filter>Header Files\mathext</Filter>
    </ClInclude>
    <ClInclude Include="mathext\static_log2.hpp">
      <Filter>Header Files\mathext</Filter>
    </ClInclude>
    <ClInclude Include="mathext\static_popcnt.hpp">
      <Filter>Header Files\mathext</Filter>
    </ClInclude>
    <ClInclude Include="numeric\cartesian_product.hpp">
      <Filter>Header Files\numeric</Filter>
    </ClInclude>
    <ClInclude Include="numeric\collector.hpp">
      <Filter>Header Files\numeric</Filter>
    </ClInclude>
    <ClInclude Include="numeric\features.hpp">
      <Filter>Header Files\numeric</Filter>
    </ClInclude>
    <ClInclude Include="numeric\identity_element.hpp">
      <Filter>Header Files\numeric</Filter>
    </ClInclude>
    <ClInclude Include="numeric\metrics.hpp">
      <Filter>Header Files\numeric</Filter>
    </ClInclude>
    <ClInclude Include="numeric\power.hpp">
      <Filter>Header Files\numeric</Filter>
    </ClInclude>
    <ClInclude Include="options\command_line.hpp">
      <Filter>Header Files\options</Filter>
    </ClInclude>
    <ClInclude Include="options\config_file.hpp">
      <Filter>Header Files\options</Filter>
    </ClInclude>
    <ClInclude Include="options\enviroment_map.hpp">
      <Filter>Header Files\options</Filter>
    </ClInclude>
    <ClInclude Include="options\option_source.hpp">
      <Filter>Header Files\options</Filter>
    </ClInclude>
    <ClInclude Include="compability\cxx17\utility.hpp">
      <Filter>Header Files\compability\cxx17</Filter>
    </ClInclude>
    <ClInclude Include="allocators\aligned_allocator.hpp">
      <Filter>Header Files\allocators</Filter>
    </ClInclude>
    <ClInclude Include="allocators\allocators.hpp">
      <Filter>Header Files\allocators</Filter>
    </ClInclude>
    <ClInclude Include="allocators\arena_traits.hpp">
      <Filter>Header Files\allocators</Filter>
    </ClInclude>
    <ClInclude Include="allocators\basic_allocator.hpp">
      <Filter>Header Files\allocators</Filter>
    </ClInclude>
    <ClInclude Include="allocators\basic_arena.hpp">
      <Filter>Header Files\allocators</Filter>
    </ClInclude>
    <ClInclude Include="allocators\binexp_arena.hpp">
      <Filter>Header Files\allocators</Filter>
    </ClInclude>
    <ClInclude Include="allocators\bitmap_arena.hpp">
      <Filter>Header Files\allocators</Filter>
    </ClInclude>
    <ClInclude Include="allocators\fallback_arena.hpp">
      <Filter>Header Files\allocators</Filter>
    </ClInclude>
    <ClInclude Include="allocators\freelist.hpp">
      <Filter>Header Files\allocators</Filter>
    </ClInclude>
    <ClInclude Include="allocators\heap_arena.hpp">
      <Filter>Header Files\allocators</Filter>
    </ClInclude>
    <ClInclude Include="allocators\intrusive_ptr.hpp">
      <Filter>Header Files\allocators</Filter>
    </ClInclude>
    <ClInclude Include="allocators\memory_storage.hpp">
      <Filter>Header Files\allocators</Filter>
    </ClInclude>
    <ClInclude Include="allocators\ordered_arena.hpp">
      <Filter>Header Files\allocators</Filter>
    </ClInclude>
    <ClInclude Include="allocators\pooled_object.hpp">
      <Filter>Header Files\allocators</Filter>
    </ClInclude>
    <ClInclude Include="iterator\circular_iterator.hpp">
      <Filter>Header Files\iterator</Filter>
    </ClInclude>
    <ClInclude Include="compact\storages.hpp">
      <Filter>Header Files\compact</Filter>
    </ClInclude>
    <ClInclude Include="compact\string.hpp">
      <Filter>Header Files\compact</Filter>
    </ClInclude>
    <ClInclude Include="compact\vector.hpp">
      <Filter>Header Files\compact</Filter>
    </ClInclude>
    <ClInclude Include="cui\prompt.hpp">
      <Filter>Header Files\cui</Filter>
    </ClInclude>
    <ClInclude Include="containers\stringset.hpp">
      <Filter>Header Files\containers</Filter>
    </ClInclude>
  </ItemGroup>
  <ItemGroup>
    <None Include="compability\integer_sequence">
      <Filter>Header Files\compability</Filter>
    </None>
    <None Include="compability\utility">
      <Filter>Header Files\compability</Filter>
    </None>
  </ItemGroup>
</Project>